
Microsoft Visual Studio Solution File, Format Version 12.00
# Visual Studio Version 17
VisualStudioVersion = 17.3.32825.248
MinimumVisualStudioVersion = 10.0.40219.1
Project("{FAE04EC0-301F-11D3-BF4B-00C04F79EFBC}") = "Queue", "Queue\Queue.csproj", "{C6A5C7F4-3174-4322-9E98-E128611A81F3}"
EndProject
Global
	GlobalSection(SolutionConfigurationPlatforms) = preSolution
		Debug|Any CPU = Debug|Any CPU
		Release|Any CPU = Release|Any CPU
	EndGlobalSection
	GlobalSection(ProjectConfigurationPlatforms) = postSolution
		{C6A5C7F4-3174-4322-9E98-E128611A81F3}.Debug|Any CPU.ActiveCfg = Debug|Any CPU
		{C6A5C7F4-3174-4322-9E98-E128611A81F3}.Debug|Any CPU.Build.0 = Debug|Any CPU
		{C6A5C7F4-3174-4322-9E98-E128611A81F3}.Release|Any CPU.ActiveCfg = Release|Any CPU
		{C6A5C7F4-3174-4322-9E98-E128611A81F3}.Release|Any CPU.Build.0 = Release|Any CPU
	EndGlobalSection
	GlobalSection(SolutionProperties) = preSolution
		HideSolutionNode = FALSE
	EndGlobalSection
	GlobalSection(ExtensibilityGlobals) = postSolution
		SolutionGuid = {A49F21A9-CACD-4279-8B6D-1A01D9BB8C33}
	EndGlobalSection
EndGlobal
